
Microsoft Visual Studio Solution File, Format Version 12.00
# Visual Studio Version 17
VisualStudioVersion = 17.0.31903.59
MinimumVisualStudioVersion = 10.0.40219.1
Project("{2150E333-8FDC-42A3-9474-1A3956D46DE8}") = "src", "src", "{3F1C866A-2EE2-49BF-A831-1325A5B43413}"
EndProject
Project("{2150E333-8FDC-42A3-9474-1A3956D46DE8}") = "Menu", "Menu", "{76EBB1FB-FE74-4833-84AF-5D8291976678}"
EndProject
Project("{FAE04EC0-301F-11D3-BF4B-00C04F79EFBC}") = "Menu.API", "src\Menu\Menu.API\Menu.API.csproj", "{6552B9A5-2881-44A7-8C02-72983FC08C2C}"
EndProject
Project("{FAE04EC0-301F-11D3-BF4B-00C04F79EFBC}") = "Menu.Application", "src\Menu\Menu.Application\Menu.Application.csproj", "{B63616D9-3198-4FBE-AAC5-F510650D75B1}"
EndProject
Project("{FAE04EC0-301F-11D3-BF4B-00C04F79EFBC}") = "Menu.Contracts", "src\Menu\Menu.Contracts\Menu.Contracts.csproj", "{AA844706-9657-4346-9FE9-772EFD85A400}"
EndProject
Project("{FAE04EC0-301F-11D3-BF4B-00C04F79EFBC}") = "Menu.Domain", "src\Menu\Menu.Domain\Menu.Domain.csproj", "{9E8E278B-D26E-4C94-A2C6-C2BE06BEDF8A}"
EndProject
Project("{FAE04EC0-301F-11D3-BF4B-00C04F79EFBC}") = "Menu.Infrastructure", "src\Menu\Menu.Infrastructure\Menu.Infrastructure.csproj", "{05863FF9-748D-4B4C-A902-F5B287048693}"
EndProject
Project("{2150E333-8FDC-42A3-9474-1A3956D46DE8}") = "Tests", "Tests", "{48AF025F-C0E5-4FEC-88A6-2E9DF052A117}"
EndProject
Project("{FAE04EC0-301F-11D3-BF4B-00C04F79EFBC}") = "Menu.Application.UnitTests", "src\Menu\Tests\Menu.Application.UnitTests\Menu.Application.UnitTests.csproj", "{5B658D08-2BBB-47D1-8CA5-E7F2BEC6D571}"
EndProject
Project("{2150E333-8FDC-42A3-9474-1A3956D46DE8}") = "Recipe", "Recipe", "{194CEB67-74FD-4711-A786-291816A94941}"
EndProject
Project("{FAE04EC0-301F-11D3-BF4B-00C04F79EFBC}") = "Recipe.API", "src\Recipe\Recipe.API\Recipe.API.csproj", "{E2C5F94D-A5B8-442E-B3AE-8213C4D55590}"
EndProject
Project("{FAE04EC0-301F-11D3-BF4B-00C04F79EFBC}") = "Recipe.Application", "src\Recipe\Recipe.Application\Recipe.Application.csproj", "{125AFD6B-0C1F-4DF3-AFDD-201856340ACA}"
EndProject
Project("{FAE04EC0-301F-11D3-BF4B-00C04F79EFBC}") = "Recipe.Contracts", "src\Recipe\Recipe.Contracts\Recipe.Contracts.csproj", "{8E48D19A-C65E-4B8C-9838-EB6375743C15}"
EndProject
Project("{FAE04EC0-301F-11D3-BF4B-00C04F79EFBC}") = "Recipe.Domain", "src\Recipe\Recipe.Domain\Recipe.Domain.csproj", "{0B96D021-0DC1-419E-93E2-5C4D5666452D}"
EndProject
Project("{FAE04EC0-301F-11D3-BF4B-00C04F79EFBC}") = "Recipe.Infrastructure", "src\Recipe\Recipe.Infrastructure\Recipe.Infrastructure.csproj", "{BD7639CF-3765-448E-953A-9A1F76841CED}"
EndProject
Project("{FAE04EC0-301F-11D3-BF4B-00C04F79EFBC}") = "SharedCore", "src\SharedCore\SharedCore.csproj", "{A17DCC3F-4634-447B-8B8B-7E7EBD36DF11}"
EndProject
Project("{FAE04EC0-301F-11D3-BF4B-00C04F79EFBC}") = "ApiGateway", "src\ApiGateway\ApiGateway.csproj", "{618B1633-5C06-47FA-8770-1457BE96719A}"
EndProject
Project("{2150E333-8FDC-42A3-9474-1A3956D46DE8}") = "Account", "Account", "{28074698-11C1-4046-AE2E-3C25E03795AB}"
EndProject
Project("{FAE04EC0-301F-11D3-BF4B-00C04F79EFBC}") = "Account.Domain", "src\Account\Account.Domain\Account.Domain.csproj", "{3DE69405-3AAD-483B-A2E0-F85FDBFE3B43}"
EndProject
Project("{FAE04EC0-301F-11D3-BF4B-00C04F79EFBC}") = "Account.Infrastructure", "src\Account\Account.Infrastructure\Account.Infrastructure.csproj", "{96E929F0-0AC5-4130-8621-C1D049AD64CB}"
EndProject
Project("{FAE04EC0-301F-11D3-BF4B-00C04F79EFBC}") = "Account.Application", "src\Account\Account.Application\Account.Application.csproj", "{8B957846-4C36-4B85-8B0C-B1CD55672715}"
EndProject
Project("{FAE04EC0-301F-11D3-BF4B-00C04F79EFBC}") = "Account.API", "src\Account\Account.API\Account.API.csproj", "{E8E7AC7E-03E5-430F-9FBC-D1FD08C78726}"
EndProject
Project("{FAE04EC0-301F-11D3-BF4B-00C04F79EFBC}") = "Account.Contracts", "src\Account\Account.Contracts\Account.Contracts.csproj", "{E47E5337-60F6-47E4-95AE-AB2FC94A318D}"
EndProject
Global
	GlobalSection(SolutionConfigurationPlatforms) = preSolution
		Debug|Any CPU = Debug|Any CPU
		Release|Any CPU = Release|Any CPU
	EndGlobalSection
	GlobalSection(SolutionProperties) = preSolution
		HideSolutionNode = FALSE
	EndGlobalSection
	GlobalSection(ProjectConfigurationPlatforms) = postSolution
		{6552B9A5-2881-44A7-8C02-72983FC08C2C}.Debug|Any CPU.ActiveCfg = Debug|Any CPU
		{6552B9A5-2881-44A7-8C02-72983FC08C2C}.Debug|Any CPU.Build.0 = Debug|Any CPU
		{6552B9A5-2881-44A7-8C02-72983FC08C2C}.Release|Any CPU.ActiveCfg = Release|Any CPU
		{6552B9A5-2881-44A7-8C02-72983FC08C2C}.Release|Any CPU.Build.0 = Release|Any CPU
		{B63616D9-3198-4FBE-AAC5-F510650D75B1}.Debug|Any CPU.ActiveCfg = Debug|Any CPU
		{B63616D9-3198-4FBE-AAC5-F510650D75B1}.Debug|Any CPU.Build.0 = Debug|Any CPU
		{B63616D9-3198-4FBE-AAC5-F510650D75B1}.Release|Any CPU.ActiveCfg = Release|Any CPU
		{B63616D9-3198-4FBE-AAC5-F510650D75B1}.Release|Any CPU.Build.0 = Release|Any CPU
		{AA844706-9657-4346-9FE9-772EFD85A400}.Debug|Any CPU.ActiveCfg = Debug|Any CPU
		{AA844706-9657-4346-9FE9-772EFD85A400}.Debug|Any CPU.Build.0 = Debug|Any CPU
		{AA844706-9657-4346-9FE9-772EFD85A400}.Release|Any CPU.ActiveCfg = Release|Any CPU
		{AA844706-9657-4346-9FE9-772EFD85A400}.Release|Any CPU.Build.0 = Release|Any CPU
		{9E8E278B-D26E-4C94-A2C6-C2BE06BEDF8A}.Debug|Any CPU.ActiveCfg = Debug|Any CPU
		{9E8E278B-D26E-4C94-A2C6-C2BE06BEDF8A}.Debug|Any CPU.Build.0 = Debug|Any CPU
		{9E8E278B-D26E-4C94-A2C6-C2BE06BEDF8A}.Release|Any CPU.ActiveCfg = Release|Any CPU
		{9E8E278B-D26E-4C94-A2C6-C2BE06BEDF8A}.Release|Any CPU.Build.0 = Release|Any CPU
		{05863FF9-748D-4B4C-A902-F5B287048693}.Debug|Any CPU.ActiveCfg = Debug|Any CPU
		{05863FF9-748D-4B4C-A902-F5B287048693}.Debug|Any CPU.Build.0 = Debug|Any CPU
		{05863FF9-748D-4B4C-A902-F5B287048693}.Release|Any CPU.ActiveCfg = Release|Any CPU
		{05863FF9-748D-4B4C-A902-F5B287048693}.Release|Any CPU.Build.0 = Release|Any CPU
		{5B658D08-2BBB-47D1-8CA5-E7F2BEC6D571}.Debug|Any CPU.ActiveCfg = Debug|Any CPU
		{5B658D08-2BBB-47D1-8CA5-E7F2BEC6D571}.Debug|Any CPU.Build.0 = Debug|Any CPU
		{5B658D08-2BBB-47D1-8CA5-E7F2BEC6D571}.Release|Any CPU.ActiveCfg = Release|Any CPU
		{5B658D08-2BBB-47D1-8CA5-E7F2BEC6D571}.Release|Any CPU.Build.0 = Release|Any CPU
		{E2C5F94D-A5B8-442E-B3AE-8213C4D55590}.Debug|Any CPU.ActiveCfg = Debug|Any CPU
		{E2C5F94D-A5B8-442E-B3AE-8213C4D55590}.Debug|Any CPU.Build.0 = Debug|Any CPU
		{E2C5F94D-A5B8-442E-B3AE-8213C4D55590}.Release|Any CPU.ActiveCfg = Release|Any CPU
		{E2C5F94D-A5B8-442E-B3AE-8213C4D55590}.Release|Any CPU.Build.0 = Release|Any CPU
		{125AFD6B-0C1F-4DF3-AFDD-201856340ACA}.Debug|Any CPU.ActiveCfg = Debug|Any CPU
		{125AFD6B-0C1F-4DF3-AFDD-201856340ACA}.Debug|Any CPU.Build.0 = Debug|Any CPU
		{125AFD6B-0C1F-4DF3-AFDD-201856340ACA}.Release|Any CPU.ActiveCfg = Release|Any CPU
		{125AFD6B-0C1F-4DF3-AFDD-201856340ACA}.Release|Any CPU.Build.0 = Release|Any CPU
		{8E48D19A-C65E-4B8C-9838-EB6375743C15}.Debug|Any CPU.ActiveCfg = Debug|Any CPU
		{8E48D19A-C65E-4B8C-9838-EB6375743C15}.Debug|Any CPU.Build.0 = Debug|Any CPU
		{8E48D19A-C65E-4B8C-9838-EB6375743C15}.Release|Any CPU.ActiveCfg = Release|Any CPU
		{8E48D19A-C65E-4B8C-9838-EB6375743C15}.Release|Any CPU.Build.0 = Release|Any CPU
		{0B96D021-0DC1-419E-93E2-5C4D5666452D}.Debug|Any CPU.ActiveCfg = Debug|Any CPU
		{0B96D021-0DC1-419E-93E2-5C4D5666452D}.Debug|Any CPU.Build.0 = Debug|Any CPU
		{0B96D021-0DC1-419E-93E2-5C4D5666452D}.Release|Any CPU.ActiveCfg = Release|Any CPU
		{0B96D021-0DC1-419E-93E2-5C4D5666452D}.Release|Any CPU.Build.0 = Release|Any CPU
		{BD7639CF-3765-448E-953A-9A1F76841CED}.Debug|Any CPU.ActiveCfg = Debug|Any CPU
		{BD7639CF-3765-448E-953A-9A1F76841CED}.Debug|Any CPU.Build.0 = Debug|Any CPU
		{BD7639CF-3765-448E-953A-9A1F76841CED}.Release|Any CPU.ActiveCfg = Release|Any CPU
		{BD7639CF-3765-448E-953A-9A1F76841CED}.Release|Any CPU.Build.0 = Release|Any CPU
		{A17DCC3F-4634-447B-8B8B-7E7EBD36DF11}.Debug|Any CPU.ActiveCfg = Debug|Any CPU
		{A17DCC3F-4634-447B-8B8B-7E7EBD36DF11}.Debug|Any CPU.Build.0 = Debug|Any CPU
		{A17DCC3F-4634-447B-8B8B-7E7EBD36DF11}.Release|Any CPU.ActiveCfg = Release|Any CPU
		{A17DCC3F-4634-447B-8B8B-7E7EBD36DF11}.Release|Any CPU.Build.0 = Release|Any CPU
		{618B1633-5C06-47FA-8770-1457BE96719A}.Debug|Any CPU.ActiveCfg = Debug|Any CPU
		{618B1633-5C06-47FA-8770-1457BE96719A}.Debug|Any CPU.Build.0 = Debug|Any CPU
		{618B1633-5C06-47FA-8770-1457BE96719A}.Release|Any CPU.ActiveCfg = Release|Any CPU
		{618B1633-5C06-47FA-8770-1457BE96719A}.Release|Any CPU.Build.0 = Release|Any CPU
		{3DE69405-3AAD-483B-A2E0-F85FDBFE3B43}.Debug|Any CPU.ActiveCfg = Debug|Any CPU
		{3DE69405-3AAD-483B-A2E0-F85FDBFE3B43}.Debug|Any CPU.Build.0 = Debug|Any CPU
		{3DE69405-3AAD-483B-A2E0-F85FDBFE3B43}.Release|Any CPU.ActiveCfg = Release|Any CPU
		{3DE69405-3AAD-483B-A2E0-F85FDBFE3B43}.Release|Any CPU.Build.0 = Release|Any CPU
		{96E929F0-0AC5-4130-8621-C1D049AD64CB}.Debug|Any CPU.ActiveCfg = Debug|Any CPU
		{96E929F0-0AC5-4130-8621-C1D049AD64CB}.Debug|Any CPU.Build.0 = Debug|Any CPU
		{96E929F0-0AC5-4130-8621-C1D049AD64CB}.Release|Any CPU.ActiveCfg = Release|Any CPU
		{96E929F0-0AC5-4130-8621-C1D049AD64CB}.Release|Any CPU.Build.0 = Release|Any CPU
		{8B957846-4C36-4B85-8B0C-B1CD55672715}.Debug|Any CPU.ActiveCfg = Debug|Any CPU
		{8B957846-4C36-4B85-8B0C-B1CD55672715}.Debug|Any CPU.Build.0 = Debug|Any CPU
		{8B957846-4C36-4B85-8B0C-B1CD55672715}.Release|Any CPU.ActiveCfg = Release|Any CPU
		{8B957846-4C36-4B85-8B0C-B1CD55672715}.Release|Any CPU.Build.0 = Release|Any CPU
		{E8E7AC7E-03E5-430F-9FBC-D1FD08C78726}.Debug|Any CPU.ActiveCfg = Debug|Any CPU
		{E8E7AC7E-03E5-430F-9FBC-D1FD08C78726}.Debug|Any CPU.Build.0 = Debug|Any CPU
		{E8E7AC7E-03E5-430F-9FBC-D1FD08C78726}.Release|Any CPU.ActiveCfg = Release|Any CPU
		{E8E7AC7E-03E5-430F-9FBC-D1FD08C78726}.Release|Any CPU.Build.0 = Release|Any CPU
		{E47E5337-60F6-47E4-95AE-AB2FC94A318D}.Debug|Any CPU.ActiveCfg = Debug|Any CPU
		{E47E5337-60F6-47E4-95AE-AB2FC94A318D}.Debug|Any CPU.Build.0 = Debug|Any CPU
		{E47E5337-60F6-47E4-95AE-AB2FC94A318D}.Release|Any CPU.ActiveCfg = Release|Any CPU
		{E47E5337-60F6-47E4-95AE-AB2FC94A318D}.Release|Any CPU.Build.0 = Release|Any CPU
	EndGlobalSection
	GlobalSection(NestedProjects) = preSolution
		{76EBB1FB-FE74-4833-84AF-5D8291976678} = {3F1C866A-2EE2-49BF-A831-1325A5B43413}
		{6552B9A5-2881-44A7-8C02-72983FC08C2C} = {76EBB1FB-FE74-4833-84AF-5D8291976678}
		{B63616D9-3198-4FBE-AAC5-F510650D75B1} = {76EBB1FB-FE74-4833-84AF-5D8291976678}
		{AA844706-9657-4346-9FE9-772EFD85A400} = {76EBB1FB-FE74-4833-84AF-5D8291976678}
		{9E8E278B-D26E-4C94-A2C6-C2BE06BEDF8A} = {76EBB1FB-FE74-4833-84AF-5D8291976678}
		{05863FF9-748D-4B4C-A902-F5B287048693} = {76EBB1FB-FE74-4833-84AF-5D8291976678}
		{48AF025F-C0E5-4FEC-88A6-2E9DF052A117} = {76EBB1FB-FE74-4833-84AF-5D8291976678}
		{5B658D08-2BBB-47D1-8CA5-E7F2BEC6D571} = {48AF025F-C0E5-4FEC-88A6-2E9DF052A117}
		{194CEB67-74FD-4711-A786-291816A94941} = {3F1C866A-2EE2-49BF-A831-1325A5B43413}
		{E2C5F94D-A5B8-442E-B3AE-8213C4D55590} = {194CEB67-74FD-4711-A786-291816A94941}
		{125AFD6B-0C1F-4DF3-AFDD-201856340ACA} = {194CEB67-74FD-4711-A786-291816A94941}
		{8E48D19A-C65E-4B8C-9838-EB6375743C15} = {194CEB67-74FD-4711-A786-291816A94941}
		{0B96D021-0DC1-419E-93E2-5C4D5666452D} = {194CEB67-74FD-4711-A786-291816A94941}
		{BD7639CF-3765-448E-953A-9A1F76841CED} = {194CEB67-74FD-4711-A786-291816A94941}
		{A17DCC3F-4634-447B-8B8B-7E7EBD36DF11} = {3F1C866A-2EE2-49BF-A831-1325A5B43413}
		{618B1633-5C06-47FA-8770-1457BE96719A} = {3F1C866A-2EE2-49BF-A831-1325A5B43413}
		{28074698-11C1-4046-AE2E-3C25E03795AB} = {3F1C866A-2EE2-49BF-A831-1325A5B43413}
		{3DE69405-3AAD-483B-A2E0-F85FDBFE3B43} = {28074698-11C1-4046-AE2E-3C25E03795AB}
		{96E929F0-0AC5-4130-8621-C1D049AD64CB} = {28074698-11C1-4046-AE2E-3C25E03795AB}
		{8B957846-4C36-4B85-8B0C-B1CD55672715} = {28074698-11C1-4046-AE2E-3C25E03795AB}
		{E8E7AC7E-03E5-430F-9FBC-D1FD08C78726} = {28074698-11C1-4046-AE2E-3C25E03795AB}
		{E47E5337-60F6-47E4-95AE-AB2FC94A318D} = {28074698-11C1-4046-AE2E-3C25E03795AB}
	EndGlobalSection
EndGlobal
