
Microsoft Visual Studio Solution File, Format Version 12.00
# Visual Studio Version 17
VisualStudioVersion = 17.0.31903.59
MinimumVisualStudioVersion = 10.0.40219.1
Project("{2150E333-8FDC-42A3-9474-1A3956D46DE8}") = "Menu", "Menu", "{8655A0E5-98FE-44BE-A005-A1E56F96AE36}"
EndProject
Project("{FAE04EC0-301F-11D3-BF4B-00C04F79EFBC}") = "Menu.API", "Menu\Menu.API\Menu.API.csproj", "{09C9969C-FCBC-453A-AE89-467C7974704F}"
EndProject
Project("{FAE04EC0-301F-11D3-BF4B-00C04F79EFBC}") = "Menu.Application", "Menu\Menu.Application\Menu.Application.csproj", "{FD9C41C5-EE85-4A91-94C4-2DF2CB7E574D}"
EndProject
Project("{FAE04EC0-301F-11D3-BF4B-00C04F79EFBC}") = "Menu.Contracts", "Menu\Menu.Contracts\Menu.Contracts.csproj", "{A8E1AC9E-E382-4B70-83D4-7D4C2F796CF1}"
EndProject
Project("{FAE04EC0-301F-11D3-BF4B-00C04F79EFBC}") = "Menu.Domain", "Menu\Menu.Domain\Menu.Domain.csproj", "{EBE8CA0F-C33F-406F-8CD6-DA84CADBD2D0}"
EndProject
Project("{FAE04EC0-301F-11D3-BF4B-00C04F79EFBC}") = "Menu.Infrastructure", "Menu\Menu.Infrastructure\Menu.Infrastructure.csproj", "{8501C0AA-263E-4E5B-B743-A6A95FF449C7}"
EndProject
Project("{2150E333-8FDC-42A3-9474-1A3956D46DE8}") = "Tests", "Tests", "{D13DAFEB-6200-4097-B1D2-8626E29C4D60}"
EndProject
Project("{FAE04EC0-301F-11D3-BF4B-00C04F79EFBC}") = "Menu.Application.UnitTests", "Menu\Tests\Menu.Application.UnitTests\Menu.Application.UnitTests.csproj", "{BAEF99AA-36A7-4BCA-829D-B353420FA784}"
EndProject
Project("{2150E333-8FDC-42A3-9474-1A3956D46DE8}") = "Recipe", "Recipe", "{65A50199-39EA-4B01-997B-3DF5FB26AE5B}"
EndProject
Project("{FAE04EC0-301F-11D3-BF4B-00C04F79EFBC}") = "Recipe.API", "Recipe\Recipe.API\Recipe.API.csproj", "{D8DD1950-F542-462C-8929-81E05F469D2B}"
EndProject
Project("{FAE04EC0-301F-11D3-BF4B-00C04F79EFBC}") = "Recipe.Application.UnitTests", "Recipe\Recipe.Application.UnitTests\Recipe.Application.UnitTests.csproj", "{7CC6753D-7752-48E6-82AB-604275BB28BE}"
EndProject
Project("{FAE04EC0-301F-11D3-BF4B-00C04F79EFBC}") = "Recipe.Application", "Recipe\Recipe.Application\Recipe.Application.csproj", "{02497F05-1C84-4181-89D6-43D5FFE4BEA7}"
EndProject
Project("{FAE04EC0-301F-11D3-BF4B-00C04F79EFBC}") = "Recipe.Contracts", "Recipe\Recipe.Contracts\Recipe.Contracts.csproj", "{9352CB0D-304D-4500-A580-8282D7944E8B}"
EndProject
Project("{FAE04EC0-301F-11D3-BF4B-00C04F79EFBC}") = "Recipe.Domain", "Recipe\Recipe.Domain\Recipe.Domain.csproj", "{EEFCFA04-A7EE-4F28-B154-A27F7EF3ABFD}"
EndProject
Project("{FAE04EC0-301F-11D3-BF4B-00C04F79EFBC}") = "Recipe.Infrastructure", "Recipe\Recipe.Infrastructure\Recipe.Infrastructure.csproj", "{EC0541E5-6D30-41DC-A936-37D776C7B5E1}"
EndProject
Project("{FAE04EC0-301F-11D3-BF4B-00C04F79EFBC}") = "Recipe.Infrastrucure.UnitTests", "Recipe\Recipe.Infrastrucure.UnitTests\Recipe.Infrastrucure.UnitTests.csproj", "{142EEA96-1820-4A8E-A209-8FF047A90380}"
EndProject
Project("{FAE04EC0-301F-11D3-BF4B-00C04F79EFBC}") = "SharedCore", "SharedCore\SharedCore.csproj", "{160AD287-AA3E-4C06-B91C-FDAA13B8F9B8}"
EndProject
Global
	GlobalSection(SolutionConfigurationPlatforms) = preSolution
		Debug|Any CPU = Debug|Any CPU
		Release|Any CPU = Release|Any CPU
	EndGlobalSection
	GlobalSection(SolutionProperties) = preSolution
		HideSolutionNode = FALSE
	EndGlobalSection
	GlobalSection(ProjectConfigurationPlatforms) = postSolution
		{09C9969C-FCBC-453A-AE89-467C7974704F}.Debug|Any CPU.ActiveCfg = Debug|Any CPU
		{09C9969C-FCBC-453A-AE89-467C7974704F}.Debug|Any CPU.Build.0 = Debug|Any CPU
		{09C9969C-FCBC-453A-AE89-467C7974704F}.Release|Any CPU.ActiveCfg = Release|Any CPU
		{09C9969C-FCBC-453A-AE89-467C7974704F}.Release|Any CPU.Build.0 = Release|Any CPU
		{FD9C41C5-EE85-4A91-94C4-2DF2CB7E574D}.Debug|Any CPU.ActiveCfg = Debug|Any CPU
		{FD9C41C5-EE85-4A91-94C4-2DF2CB7E574D}.Debug|Any CPU.Build.0 = Debug|Any CPU
		{FD9C41C5-EE85-4A91-94C4-2DF2CB7E574D}.Release|Any CPU.ActiveCfg = Release|Any CPU
		{FD9C41C5-EE85-4A91-94C4-2DF2CB7E574D}.Release|Any CPU.Build.0 = Release|Any CPU
		{A8E1AC9E-E382-4B70-83D4-7D4C2F796CF1}.Debug|Any CPU.ActiveCfg = Debug|Any CPU
		{A8E1AC9E-E382-4B70-83D4-7D4C2F796CF1}.Debug|Any CPU.Build.0 = Debug|Any CPU
		{A8E1AC9E-E382-4B70-83D4-7D4C2F796CF1}.Release|Any CPU.ActiveCfg = Release|Any CPU
		{A8E1AC9E-E382-4B70-83D4-7D4C2F796CF1}.Release|Any CPU.Build.0 = Release|Any CPU
		{EBE8CA0F-C33F-406F-8CD6-DA84CADBD2D0}.Debug|Any CPU.ActiveCfg = Debug|Any CPU
		{EBE8CA0F-C33F-406F-8CD6-DA84CADBD2D0}.Debug|Any CPU.Build.0 = Debug|Any CPU
		{EBE8CA0F-C33F-406F-8CD6-DA84CADBD2D0}.Release|Any CPU.ActiveCfg = Release|Any CPU
		{EBE8CA0F-C33F-406F-8CD6-DA84CADBD2D0}.Release|Any CPU.Build.0 = Release|Any CPU
		{8501C0AA-263E-4E5B-B743-A6A95FF449C7}.Debug|Any CPU.ActiveCfg = Debug|Any CPU
		{8501C0AA-263E-4E5B-B743-A6A95FF449C7}.Debug|Any CPU.Build.0 = Debug|Any CPU
		{8501C0AA-263E-4E5B-B743-A6A95FF449C7}.Release|Any CPU.ActiveCfg = Release|Any CPU
		{8501C0AA-263E-4E5B-B743-A6A95FF449C7}.Release|Any CPU.Build.0 = Release|Any CPU
		{BAEF99AA-36A7-4BCA-829D-B353420FA784}.Debug|Any CPU.ActiveCfg = Debug|Any CPU
		{BAEF99AA-36A7-4BCA-829D-B353420FA784}.Debug|Any CPU.Build.0 = Debug|Any CPU
		{BAEF99AA-36A7-4BCA-829D-B353420FA784}.Release|Any CPU.ActiveCfg = Release|Any CPU
		{BAEF99AA-36A7-4BCA-829D-B353420FA784}.Release|Any CPU.Build.0 = Release|Any CPU
		{D8DD1950-F542-462C-8929-81E05F469D2B}.Debug|Any CPU.ActiveCfg = Debug|Any CPU
		{D8DD1950-F542-462C-8929-81E05F469D2B}.Debug|Any CPU.Build.0 = Debug|Any CPU
		{D8DD1950-F542-462C-8929-81E05F469D2B}.Release|Any CPU.ActiveCfg = Release|Any CPU
		{D8DD1950-F542-462C-8929-81E05F469D2B}.Release|Any CPU.Build.0 = Release|Any CPU
		{7CC6753D-7752-48E6-82AB-604275BB28BE}.Debug|Any CPU.ActiveCfg = Debug|Any CPU
		{7CC6753D-7752-48E6-82AB-604275BB28BE}.Debug|Any CPU.Build.0 = Debug|Any CPU
		{7CC6753D-7752-48E6-82AB-604275BB28BE}.Release|Any CPU.ActiveCfg = Release|Any CPU
		{7CC6753D-7752-48E6-82AB-604275BB28BE}.Release|Any CPU.Build.0 = Release|Any CPU
		{02497F05-1C84-4181-89D6-43D5FFE4BEA7}.Debug|Any CPU.ActiveCfg = Debug|Any CPU
		{02497F05-1C84-4181-89D6-43D5FFE4BEA7}.Debug|Any CPU.Build.0 = Debug|Any CPU
		{02497F05-1C84-4181-89D6-43D5FFE4BEA7}.Release|Any CPU.ActiveCfg = Release|Any CPU
		{02497F05-1C84-4181-89D6-43D5FFE4BEA7}.Release|Any CPU.Build.0 = Release|Any CPU
		{9352CB0D-304D-4500-A580-8282D7944E8B}.Debug|Any CPU.ActiveCfg = Debug|Any CPU
		{9352CB0D-304D-4500-A580-8282D7944E8B}.Debug|Any CPU.Build.0 = Debug|Any CPU
		{9352CB0D-304D-4500-A580-8282D7944E8B}.Release|Any CPU.ActiveCfg = Release|Any CPU
		{9352CB0D-304D-4500-A580-8282D7944E8B}.Release|Any CPU.Build.0 = Release|Any CPU
		{EEFCFA04-A7EE-4F28-B154-A27F7EF3ABFD}.Debug|Any CPU.ActiveCfg = Debug|Any CPU
		{EEFCFA04-A7EE-4F28-B154-A27F7EF3ABFD}.Debug|Any CPU.Build.0 = Debug|Any CPU
		{EEFCFA04-A7EE-4F28-B154-A27F7EF3ABFD}.Release|Any CPU.ActiveCfg = Release|Any CPU
		{EEFCFA04-A7EE-4F28-B154-A27F7EF3ABFD}.Release|Any CPU.Build.0 = Release|Any CPU
		{EC0541E5-6D30-41DC-A936-37D776C7B5E1}.Debug|Any CPU.ActiveCfg = Debug|Any CPU
		{EC0541E5-6D30-41DC-A936-37D776C7B5E1}.Debug|Any CPU.Build.0 = Debug|Any CPU
		{EC0541E5-6D30-41DC-A936-37D776C7B5E1}.Release|Any CPU.ActiveCfg = Release|Any CPU
		{EC0541E5-6D30-41DC-A936-37D776C7B5E1}.Release|Any CPU.Build.0 = Release|Any CPU
		{142EEA96-1820-4A8E-A209-8FF047A90380}.Debug|Any CPU.ActiveCfg = Debug|Any CPU
		{142EEA96-1820-4A8E-A209-8FF047A90380}.Debug|Any CPU.Build.0 = Debug|Any CPU
		{142EEA96-1820-4A8E-A209-8FF047A90380}.Release|Any CPU.ActiveCfg = Release|Any CPU
		{142EEA96-1820-4A8E-A209-8FF047A90380}.Release|Any CPU.Build.0 = Release|Any CPU
		{160AD287-AA3E-4C06-B91C-FDAA13B8F9B8}.Debug|Any CPU.ActiveCfg = Debug|Any CPU
		{160AD287-AA3E-4C06-B91C-FDAA13B8F9B8}.Debug|Any CPU.Build.0 = Debug|Any CPU
		{160AD287-AA3E-4C06-B91C-FDAA13B8F9B8}.Release|Any CPU.ActiveCfg = Release|Any CPU
		{160AD287-AA3E-4C06-B91C-FDAA13B8F9B8}.Release|Any CPU.Build.0 = Release|Any CPU
	EndGlobalSection
	GlobalSection(NestedProjects) = preSolution
		{09C9969C-FCBC-453A-AE89-467C7974704F} = {8655A0E5-98FE-44BE-A005-A1E56F96AE36}
		{FD9C41C5-EE85-4A91-94C4-2DF2CB7E574D} = {8655A0E5-98FE-44BE-A005-A1E56F96AE36}
		{A8E1AC9E-E382-4B70-83D4-7D4C2F796CF1} = {8655A0E5-98FE-44BE-A005-A1E56F96AE36}
		{EBE8CA0F-C33F-406F-8CD6-DA84CADBD2D0} = {8655A0E5-98FE-44BE-A005-A1E56F96AE36}
		{8501C0AA-263E-4E5B-B743-A6A95FF449C7} = {8655A0E5-98FE-44BE-A005-A1E56F96AE36}
		{D13DAFEB-6200-4097-B1D2-8626E29C4D60} = {8655A0E5-98FE-44BE-A005-A1E56F96AE36}
		{BAEF99AA-36A7-4BCA-829D-B353420FA784} = {D13DAFEB-6200-4097-B1D2-8626E29C4D60}
		{D8DD1950-F542-462C-8929-81E05F469D2B} = {65A50199-39EA-4B01-997B-3DF5FB26AE5B}
		{7CC6753D-7752-48E6-82AB-604275BB28BE} = {65A50199-39EA-4B01-997B-3DF5FB26AE5B}
		{02497F05-1C84-4181-89D6-43D5FFE4BEA7} = {65A50199-39EA-4B01-997B-3DF5FB26AE5B}
		{9352CB0D-304D-4500-A580-8282D7944E8B} = {65A50199-39EA-4B01-997B-3DF5FB26AE5B}
		{EEFCFA04-A7EE-4F28-B154-A27F7EF3ABFD} = {65A50199-39EA-4B01-997B-3DF5FB26AE5B}
		{EC0541E5-6D30-41DC-A936-37D776C7B5E1} = {65A50199-39EA-4B01-997B-3DF5FB26AE5B}
		{142EEA96-1820-4A8E-A209-8FF047A90380} = {65A50199-39EA-4B01-997B-3DF5FB26AE5B}
	EndGlobalSection
EndGlobal
